
Microsoft Visual Studio Solution File, Format Version 12.00
# Visual Studio Version 17
VisualStudioVersion = 17.6.33829.357
MinimumVisualStudioVersion = 10.0.40219.1
Project("{FAE04EC0-301F-11D3-BF4B-00C04F79EFBC}") = "_001_Condicional_If", "_001_Condicional_If\_001_Condicional_If.csproj", "{FE151CD7-EC42-475F-A1F2-83D6F9CACE83}"
EndProject
Project("{FAE04EC0-301F-11D3-BF4B-00C04F79EFBC}") = "EstructuraSwitch", "EstructuraSwitch\EstructuraSwitch.csproj", "{C9589F06-84C1-468A-AA39-1FCE08385544}"
EndProject
Project("{FAE04EC0-301F-11D3-BF4B-00C04F79EFBC}") = "While&DoWhile", "While&DoWhile\While&DoWhile.csproj", "{5CB847EA-6B80-46C4-A393-77641F67EC80}"
EndProject
Global
	GlobalSection(SolutionConfigurationPlatforms) = preSolution
		Debug|Any CPU = Debug|Any CPU
		Release|Any CPU = Release|Any CPU
	EndGlobalSection
	GlobalSection(ProjectConfigurationPlatforms) = postSolution
		{FE151CD7-EC42-475F-A1F2-83D6F9CACE83}.Debug|Any CPU.ActiveCfg = Debug|Any CPU
		{FE151CD7-EC42-475F-A1F2-83D6F9CACE83}.Debug|Any CPU.Build.0 = Debug|Any CPU
		{FE151CD7-EC42-475F-A1F2-83D6F9CACE83}.Release|Any CPU.ActiveCfg = Release|Any CPU
		{FE151CD7-EC42-475F-A1F2-83D6F9CACE83}.Release|Any CPU.Build.0 = Release|Any CPU
		{C9589F06-84C1-468A-AA39-1FCE08385544}.Debug|Any CPU.ActiveCfg = Debug|Any CPU
		{C9589F06-84C1-468A-AA39-1FCE08385544}.Debug|Any CPU.Build.0 = Debug|Any CPU
		{C9589F06-84C1-468A-AA39-1FCE08385544}.Release|Any CPU.ActiveCfg = Release|Any CPU
		{C9589F06-84C1-468A-AA39-1FCE08385544}.Release|Any CPU.Build.0 = Release|Any CPU
		{5CB847EA-6B80-46C4-A393-77641F67EC80}.Debug|Any CPU.ActiveCfg = Debug|Any CPU
		{5CB847EA-6B80-46C4-A393-77641F67EC80}.Debug|Any CPU.Build.0 = Debug|Any CPU
		{5CB847EA-6B80-46C4-A393-77641F67EC80}.Release|Any CPU.ActiveCfg = Release|Any CPU
		{5CB847EA-6B80-46C4-A393-77641F67EC80}.Release|Any CPU.Build.0 = Release|Any CPU
	EndGlobalSection
	GlobalSection(SolutionProperties) = preSolution
		HideSolutionNode = FALSE
	EndGlobalSection
	GlobalSection(ExtensibilityGlobals) = postSolution
		SolutionGuid = {7173028F-E3BF-4AE5-AC8C-6866B92B549D}
	EndGlobalSection
EndGlobal
